# This file is automatically @generated by Cargo.
# It is not intended for manual editing.
version = 3

[[package]]
name = "anyhow"
version = "1.0.93"
source = "registry+https://github.com/rust-lang/crates.io-index"
checksum = "4c95c10ba0b00a02636238b814946408b1322d5ac4760326e6fb8ec956d85775"

[[package]]
name = "day1"
version = "0.1.0"
dependencies = [
 "anyhow",
 "tinyparse",
 "utils",
]

[[package]]
name = "day10"
version = "0.1.0"
dependencies = [
 "anyhow",
 "itertools",
 "rustc-hash",
 "tinyparse",
 "utils",
]

[[package]]
name = "day11"
version = "0.1.0"
dependencies = [
 "anyhow",
 "itertools",
 "rustc-hash",
 "tinyparse",
 "utils",
]

[[package]]
name = "day2"
version = "0.1.0"
dependencies = [
 "anyhow",
 "itertools",
 "tinyparse",
 "utils",
]

[[package]]
name = "day3"
version = "0.1.0"
dependencies = [
 "anyhow",
 "itertools",
 "tinyparse",
 "utils",
]

[[package]]
name = "day4"
version = "0.1.0"
dependencies = [
 "anyhow",
 "itertools",
 "tinyparse",
 "utils",
]

[[package]]
name = "day5"
version = "0.1.0"
dependencies = [
 "anyhow",
 "itertools",
 "tinyparse",
 "utils",
]

[[package]]
name = "day6"
version = "0.1.0"
dependencies = [
 "anyhow",
 "itertools",
 "rustc-hash",
 "tinyparse",
 "utils",
]

[[package]]
name = "day7"
version = "0.1.0"
dependencies = [
 "anyhow",
 "itertools",
 "rustc-hash",
 "tinyparse",
 "utils",
]

[[package]]
name = "day8"
version = "0.1.0"
dependencies = [
 "anyhow",
 "itertools",
 "rustc-hash",
 "tinyparse",
 "utils",
]

[[package]]
name = "day9"
version = "0.1.0"
dependencies = [
 "anyhow",
 "itertools",
 "rustc-hash",
 "tinyparse",
 "utils",
]

[[package]]
name = "either"
version = "1.13.0"
source = "registry+https://github.com/rust-lang/crates.io-index"
checksum = "60b1af1c220855b6ceac025d3f6ecdd2b7c4894bfe9cd9bda4fbb4bc7c0d4cf0"

[[package]]
name = "itertools"
version = "0.13.0"
source = "registry+https://github.com/rust-lang/crates.io-index"
checksum = "413ee7dfc52ee1a4949ceeb7dbc8a33f2d6c088194d9f922fb8318faf1f01186"
dependencies = [
 "either",
]

[[package]]
name = "proc-macro2"
version = "1.0.92"
source = "registry+https://github.com/rust-lang/crates.io-index"
checksum = "37d3544b3f2748c54e147655edb5025752e2303145b5aefb3c3ea2c78b973bb0"
dependencies = [
 "unicode-ident",
]

[[package]]
name = "quote"
version = "1.0.37"
source = "registry+https://github.com/rust-lang/crates.io-index"
checksum = "b5b9d34b8991d19d98081b46eacdd8eb58c6f2b201139f7c5f643cc155a633af"
dependencies = [
 "proc-macro2",
]

[[package]]
name = "rustc-hash"
version = "2.1.0"
source = "registry+https://github.com/rust-lang/crates.io-index"
checksum = "c7fb8039b3032c191086b10f11f319a6e99e1e82889c5cc6046f515c9db1d497"

[[package]]
name = "syn"
version = "2.0.90"
source = "registry+https://github.com/rust-lang/crates.io-index"
checksum = "919d3b74a5dd0ccd15aeb8f93e7006bd9e14c295087c9896a110f490752bcf31"
dependencies = [
 "proc-macro2",
 "quote",
 "unicode-ident",
]

[[package]]
name = "thiserror"
version = "2.0.3"
source = "registry+https://github.com/rust-lang/crates.io-index"
checksum = "c006c85c7651b3cf2ada4584faa36773bd07bac24acfb39f3c431b36d7e667aa"
dependencies = [
 "thiserror-impl",
]

[[package]]
name = "thiserror-impl"
version = "2.0.3"
source = "registry+https://github.com/rust-lang/crates.io-index"
checksum = "f077553d607adc1caf65430528a576c757a71ed73944b66ebb58ef2bbd243568"
dependencies = [
 "proc-macro2",
 "quote",
 "syn",
]

[[package]]
name = "tinyparse"
version = "0.1.0"
dependencies = [
 "anyhow",
 "thiserror",
]

[[package]]
name = "unicode-ident"
version = "1.0.14"
source = "registry+https://github.com/rust-lang/crates.io-index"
checksum = "adb9e6ca4f869e1180728b7950e35922a7fc6397f7b641499e8f3ef06e50dc83"

[[package]]
name = "utils"
version = "0.1.0"
dependencies = [
 "anyhow",
 "itertools",
]
